// !$*UTF8*$!
{
	archiveVersion = 1;
	classes = {
	};
	objectVersion = 50;
	objects = {

/* Begin PBXBuildFile section */
		90F1E6FD2670047500138C04 /* AppDelegate.swift in Sources */ = {isa = PBXBuildFile; fileRef = 90F1E6FC2670047500138C04 /* AppDelegate.swift */; };
		90F1E6FF2670047500138C04 /* SceneDelegate.swift in Sources */ = {isa = PBXBuildFile; fileRef = 90F1E6FE2670047500138C04 /* SceneDelegate.swift */; };
		90F1E7012670047500138C04 /* ViewController.swift in Sources */ = {isa = PBXBuildFile; fileRef = 90F1E7002670047500138C04 /* ViewController.swift */; };
		90F1E7042670047500138C04 /* Main.storyboard in Resources */ = {isa = PBXBuildFile; fileRef = 90F1E7022670047500138C04 /* Main.storyboard */; };
		90F1E7072670047500138C04 /* ToDos.xcdatamodeld in Sources */ = {isa = PBXBuildFile; fileRef = 90F1E7052670047500138C04 /* ToDos.xcdatamodeld */; };
		90F1E7092670047800138C04 /* Assets.xcassets in Resources */ = {isa = PBXBuildFile; fileRef = 90F1E7082670047800138C04 /* Assets.xcassets */; };
		90F1E70C2670047800138C04 /* LaunchScreen.storyboard in Resources */ = {isa = PBXBuildFile; fileRef = 90F1E70A2670047800138C04 /* LaunchScreen.storyboard */; };
		90F1E7172670047800138C04 /* ToDosTests.swift in Sources */ = {isa = PBXBuildFile; fileRef = 90F1E7162670047800138C04 /* ToDosTests.swift */; };
		90F1E7222670047800138C04 /* ToDosUITests.swift in Sources */ = {isa = PBXBuildFile; fileRef = 90F1E7212670047800138C04 /* ToDosUITests.swift */; };
/* End PBXBuildFile section */

/* Begin PBXContainerItemProxy section */
		90F1E7132670047800138C04 /* PBXContainerItemProxy */ = {
			isa = PBXContainerItemProxy;
			containerPortal = 90F1E6F12670047500138C04 /* Project object */;
			proxyType = 1;
			remoteGlobalIDString = 90F1E6F82670047500138C04;
			remoteInfo = ToDos;
		};
		90F1E71E2670047800138C04 /* PBXContainerItemProxy */ = {
			isa = PBXContainerItemProxy;
			containerPortal = 90F1E6F12670047500138C04 /* Project object */;
			proxyType = 1;
			remoteGlobalIDString = 90F1E6F82670047500138C04;
			remoteInfo = ToDos;
		};
/* End PBXContainerItemProxy section */

/* Begin PBXFileReference section */
		90F1E6F92670047500138C04 /* ToDos.app */ = {isa = PBXFileReference; explicitFileType = wrapper.application; includeInIndex = 0; path = ToDos.app; sourceTree = BUILT_PRODUCTS_DIR; };
		90F1E6FC2670047500138C04 /* AppDelegate.swift */ = {isa = PBXFileReference; lastKnownFileType = sourcecode.swift; path = AppDelegate.swift; sourceTree = "<group>"; };
		90F1E6FE2670047500138C04 /* SceneDelegate.swift */ = {isa = PBXFileReference; lastKnownFileType = sourcecode.swift; path = SceneDelegate.swift; sourceTree = "<group>"; };
		90F1E7002670047500138C04 /* ViewController.swift */ = {isa = PBXFileReference; lastKnownFileType = sourcecode.swift; path = ViewController.swift; sourceTree = "<group>"; };
		90F1E7032670047500138C04 /* Base */ = {isa = PBXFileReference; lastKnownFileType = file.storyboard; name = Base; path = Base.lproj/Main.storyboard; sourceTree = "<group>"; };
		90F1E7062670047500138C04 /* ToDos.xcdatamodel */ = {isa = PBXFileReference; lastKnownFileType = wrapper.xcdatamodel; path = ToDos.xcdatamodel; sourceTree = "<group>"; };
		90F1E7082670047800138C04 /* Assets.xcassets */ = {isa = PBXFileReference; lastKnownFileType = folder.assetcatalog; path = Assets.xcassets; sourceTree = "<group>"; };
		90F1E70B2670047800138C04 /* Base */ = {isa = PBXFileReference; lastKnownFileType = file.storyboard; name = Base; path = Base.lproj/LaunchScreen.storyboard; sourceTree = "<group>"; };
		90F1E70D2670047800138C04 /* Info.plist */ = {isa = PBXFileReference; lastKnownFileType = text.plist.xml; path = Info.plist; sourceTree = "<group>"; };
		90F1E7122670047800138C04 /* ToDosTests.xctest */ = {isa = PBXFileReference; explicitFileType = wrapper.cfbundle; includeInIndex = 0; path = ToDosTests.xctest; sourceTree = BUILT_PRODUCTS_DIR; };
		90F1E7162670047800138C04 /* ToDosTests.swift */ = {isa = PBXFileReference; lastKnownFileType = sourcecode.swift; path = ToDosTests.swift; sourceTree = "<group>"; };
		90F1E7182670047800138C04 /* Info.plist */ = {isa = PBXFileReference; lastKnownFileType = text.plist.xml; path = Info.plist; sourceTree = "<group>"; };
		90F1E71D2670047800138C04 /* ToDosUITests.xctest */ = {isa = PBXFileReference; explicitFileType = wrapper.cfbundle; includeInIndex = 0; path = ToDosUITests.xctest; sourceTree = BUILT_PRODUCTS_DIR; };
		90F1E7212670047800138C04 /* ToDosUITests.swift */ = {isa = PBXFileReference; lastKnownFileType = sourcecode.swift; path = ToDosUITests.swift; sourceTree = "<group>"; };
		90F1E7232670047800138C04 /* Info.plist */ = {isa = PBXFileReference; lastKnownFileType = text.plist.xml; path = Info.plist; sourceTree = "<group>"; };
/* End PBXFileReference section */

/* Begin PBXFrameworksBuildPhase section */
		90F1E6F62670047500138C04 /* Frameworks */ = {
			isa = PBXFrameworksBuildPhase;
			buildActionMask = 2147483647;
			files = (
			);
			runOnlyForDeploymentPostprocessing = 0;
		};
		90F1E70F2670047800138C04 /* Frameworks */ = {
			isa = PBXFrameworksBuildPhase;
			buildActionMask = 2147483647;
			files = (
			);
			runOnlyForDeploymentPostprocessing = 0;
		};
		90F1E71A2670047800138C04 /* Frameworks */ = {
			isa = PBXFrameworksBuildPhase;
			buildActionMask = 2147483647;
			files = (
			);
			runOnlyForDeploymentPostprocessing = 0;
		};
/* End PBXFrameworksBuildPhase section */

/* Begin PBXGroup section */
		90F1E6F02670047500138C04 = {
			isa = PBXGroup;
			children = (
				90F1E6FB2670047500138C04 /* ToDos */,
				90F1E7152670047800138C04 /* ToDosTests */,
				90F1E7202670047800138C04 /* ToDosUITests */,
				90F1E6FA2670047500138C04 /* Products */,
			);
			sourceTree = "<group>";
		};
		90F1E6FA2670047500138C04 /* Products */ = {
			isa = PBXGroup;
			children = (
				90F1E6F92670047500138C04 /* ToDos.app */,
				90F1E7122670047800138C04 /* ToDosTests.xctest */,
				90F1E71D2670047800138C04 /* ToDosUITests.xctest */,
			);
			name = Products;
			sourceTree = "<group>";
		};
		90F1E6FB2670047500138C04 /* ToDos */ = {
			isa = PBXGroup;
			children = (
				90F1E6FC2670047500138C04 /* AppDelegate.swift */,
				90F1E6FE2670047500138C04 /* SceneDelegate.swift */,
				90F1E7002670047500138C04 /* ViewController.swift */,
				90F1E7022670047500138C04 /* Main.storyboard */,
				90F1E7082670047800138C04 /* Assets.xcassets */,
				90F1E70A2670047800138C04 /* LaunchScreen.storyboard */,
				90F1E70D2670047800138C04 /* Info.plist */,
				90F1E7052670047500138C04 /* ToDos.xcdatamodeld */,
			);
			path = ToDos;
			sourceTree = "<group>";
		};
		90F1E7152670047800138C04 /* ToDosTests */ = {
			isa = PBXGroup;
			children = (
				90F1E7162670047800138C04 /* ToDosTests.swift */,
				90F1E7182670047800138C04 /* Info.plist */,
			);
			path = ToDosTests;
			sourceTree = "<group>";
		};
		90F1E7202670047800138C04 /* ToDosUITests */ = {
			isa = PBXGroup;
			children = (
				90F1E7212670047800138C04 /* ToDosUITests.swift */,
				90F1E7232670047800138C04 /* Info.plist */,
			);
			path = ToDosUITests;
			sourceTree = "<group>";
		};
/* End PBXGroup section */

/* Begin PBXNativeTarget section */
		90F1E6F82670047500138C04 /* ToDos */ = {
			isa = PBXNativeTarget;
			buildConfigurationList = 90F1E7262670047800138C04 /* Build configuration list for PBXNativeTarget "ToDos" */;
			buildPhases = (
				90F1E6F52670047500138C04 /* Sources */,
				90F1E6F62670047500138C04 /* Frameworks */,
				90F1E6F72670047500138C04 /* Resources */,
			);
			buildRules = (
			);
			dependencies = (
			);
			name = ToDos;
			productName = ToDos;
			productReference = 90F1E6F92670047500138C04 /* ToDos.app */;
			productType = "com.apple.product-type.application";
		};
		90F1E7112670047800138C04 /* ToDosTests */ = {
			isa = PBXNativeTarget;
			buildConfigurationList = 90F1E7292670047800138C04 /* Build configuration list for PBXNativeTarget "ToDosTests" */;
			buildPhases = (
				90F1E70E2670047800138C04 /* Sources */,
				90F1E70F2670047800138C04 /* Frameworks */,
				90F1E7102670047800138C04 /* Resources */,
			);
			buildRules = (
			);
			dependencies = (
				90F1E7142670047800138C04 /* PBXTargetDependency */,
			);
			name = ToDosTests;
			productName = ToDosTests;
			productReference = 90F1E7122670047800138C04 /* ToDosTests.xctest */;
			productType = "com.apple.product-type.bundle.unit-test";
		};
		90F1E71C2670047800138C04 /* ToDosUITests */ = {
			isa = PBXNativeTarget;
			buildConfigurationList = 90F1E72C2670047800138C04 /* Build configuration list for PBXNativeTarget "ToDosUITests" */;
			buildPhases = (
				90F1E7192670047800138C04 /* Sources */,
				90F1E71A2670047800138C04 /* Frameworks */,
				90F1E71B2670047800138C04 /* Resources */,
			);
			buildRules = (
			);
			dependencies = (
				90F1E71F2670047800138C04 /* PBXTargetDependency */,
			);
			name = ToDosUITests;
			productName = ToDosUITests;
			productReference = 90F1E71D2670047800138C04 /* ToDosUITests.xctest */;
			productType = "com.apple.product-type.bundle.ui-testing";
		};
/* End PBXNativeTarget section */

/* Begin PBXProject section */
		90F1E6F12670047500138C04 /* Project object */ = {
			isa = PBXProject;
			attributes = {
				LastSwiftUpdateCheck = 1250;
				LastUpgradeCheck = 1250;
				TargetAttributes = {
					90F1E6F82670047500138C04 = {
						CreatedOnToolsVersion = 12.5;
					};
					90F1E7112670047800138C04 = {
						CreatedOnToolsVersion = 12.5;
						TestTargetID = 90F1E6F82670047500138C04;
					};
					90F1E71C2670047800138C04 = {
						CreatedOnToolsVersion = 12.5;
						TestTargetID = 90F1E6F82670047500138C04;
					};
				};
			};
			buildConfigurationList = 90F1E6F42670047500138C04 /* Build configuration list for PBXProject "ToDos" */;
			compatibilityVersion = "Xcode 9.3";
			developmentRegion = en;
			hasScannedForEncodings = 0;
			knownRegions = (
				en,
				Base,
			);
			mainGroup = 90F1E6F02670047500138C04;
			productRefGroup = 90F1E6FA2670047500138C04 /* Products */;
			projectDirPath = "";
			projectRoot = "";
			targets = (
				90F1E6F82670047500138C04 /* ToDos */,
				90F1E7112670047800138C04 /* ToDosTests */,
				90F1E71C2670047800138C04 /* ToDosUITests */,
			);
		};
/* End PBXProject section */

/* Begin PBXResourcesBuildPhase section */
		90F1E6F72670047500138C04 /* Resources */ = {
			isa = PBXResourcesBuildPhase;
			buildActionMask = 2147483647;
			files = (
				90F1E70C2670047800138C04 /* LaunchScreen.storyboard in Resources */,
				90F1E7092670047800138C04 /* Assets.xcassets in Resources */,
				90F1E7042670047500138C04 /* Main.storyboard in Resources */,
			);
			runOnlyForDeploymentPostprocessing = 0;
		};
		90F1E7102670047800138C04 /* Resources */ = {
			isa = PBXResourcesBuildPhase;
			buildActionMask = 2147483647;
			files = (
			);
			runOnlyForDeploymentPostprocessing = 0;
		};
		90F1E71B2670047800138C04 /* Resources */ = {
			isa = PBXResourcesBuildPhase;
			buildActionMask = 2147483647;
			files = (
			);
			runOnlyForDeploymentPostprocessing = 0;
		};
/* End PBXResourcesBuildPhase section */

/* Begin PBXSourcesBuildPhase section */
		90F1E6F52670047500138C04 /* Sources */ = {
			isa = PBXSourcesBuildPhase;
			buildActionMask = 2147483647;
			files = (
				90F1E7012670047500138C04 /* ViewController.swift in Sources */,
				90F1E6FD2670047500138C04 /* AppDelegate.swift in Sources */,
				90F1E6FF2670047500138C04 /* SceneDelegate.swift in Sources */,
				90F1E7072670047500138C04 /* ToDos.xcdatamodeld in Sources */,
			);
			runOnlyForDeploymentPostprocessing = 0;
		};
		90F1E70E2670047800138C04 /* Sources */ = {
			isa = PBXSourcesBuildPhase;
			buildActionMask = 2147483647;
			files = (
				90F1E7172670047800138C04 /* ToDosTests.swift in Sources */,
			);
			runOnlyForDeploymentPostprocessing = 0;
		};
		90F1E7192670047800138C04 /* Sources */ = {
			isa = PBXSourcesBuildPhase;
			buildActionMask = 2147483647;
			files = (
				90F1E7222670047800138C04 /* ToDosUITests.swift in Sources */,
			);
			runOnlyForDeploymentPostprocessing = 0;
		};
/* End PBXSourcesBuildPhase section */

/* Begin PBXTargetDependency section */
		90F1E7142670047800138C04 /* PBXTargetDependency */ = {
			isa = PBXTargetDependency;
			target = 90F1E6F82670047500138C04 /* ToDos */;
			targetProxy = 90F1E7132670047800138C04 /* PBXContainerItemProxy */;
		};
		90F1E71F2670047800138C04 /* PBXTargetDependency */ = {
			isa = PBXTargetDependency;
			target = 90F1E6F82670047500138C04 /* ToDos */;
			targetProxy = 90F1E71E2670047800138C04 /* PBXContainerItemProxy */;
		};
/* End PBXTargetDependency section */

/* Begin PBXVariantGroup section */
		90F1E7022670047500138C04 /* Main.storyboard */ = {
			isa = PBXVariantGroup;
			children = (
				90F1E7032670047500138C04 /* Base */,
			);
			name = Main.storyboard;
			sourceTree = "<group>";
		};
		90F1E70A2670047800138C04 /* LaunchScreen.storyboard */ = {
			isa = PBXVariantGroup;
			children = (
				90F1E70B2670047800138C04 /* Base */,
			);
			name = LaunchScreen.storyboard;
			sourceTree = "<group>";
		};
/* End PBXVariantGroup section */

/* Begin XCBuildConfiguration section */
		90F1E7242670047800138C04 /* Debug */ = {
			isa = XCBuildConfiguration;
			buildSettings = {
				ALWAYS_SEARCH_USER_PATHS = NO;
				CLANG_ANALYZER_NONNULL = YES;
				CLANG_ANALYZER_NUMBER_OBJECT_CONVERSION = YES_AGGRESSIVE;
				CLANG_CXX_LANGUAGE_STANDARD = "gnu++14";
				CLANG_CXX_LIBRARY = "libc++";
				CLANG_ENABLE_MODULES = YES;
				CLANG_ENABLE_OBJC_ARC = YES;
				CLANG_ENABLE_OBJC_WEAK = YES;
				CLANG_WARN_BLOCK_CAPTURE_AUTORELEASING = YES;
				CLANG_WARN_BOOL_CONVERSION = YES;
				CLANG_WARN_COMMA = YES;
				CLANG_WARN_CONSTANT_CONVERSION = YES;
				CLANG_WARN_DEPRECATED_OBJC_IMPLEMENTATIONS = YES;
				CLANG_WARN_DIRECT_OBJC_ISA_USAGE = YES_ERROR;
				CLANG_WARN_DOCUMENTATION_COMMENTS = YES;
				CLANG_WARN_EMPTY_BODY = YES;
				CLANG_WARN_ENUM_CONVERSION = YES;
				CLANG_WARN_INFINITE_RECURSION = YES;
				CLANG_WARN_INT_CONVERSION = YES;
				CLANG_WARN_NON_LITERAL_NULL_CONVERSION = YES;
				CLANG_WARN_OBJC_IMPLICIT_RETAIN_SELF = YES;
				CLANG_WARN_OBJC_LITERAL_CONVERSION = YES;
				CLANG_WARN_OBJC_ROOT_CLASS = YES_ERROR;
				CLANG_WARN_QUOTED_INCLUDE_IN_FRAMEWORK_HEADER = YES;
				CLANG_WARN_RANGE_LOOP_ANALYSIS = YES;
				CLANG_WARN_STRICT_PROTOTYPES = YES;
				CLANG_WARN_SUSPICIOUS_MOVE = YES;
				CLANG_WARN_UNGUARDED_AVAILABILITY = YES_AGGRESSIVE;
				CLANG_WARN_UNREACHABLE_CODE = YES;
				CLANG_WARN__DUPLICATE_METHOD_MATCH = YES;
				COPY_PHASE_STRIP = NO;
				DEBUG_INFORMATION_FORMAT = dwarf;
				ENABLE_STRICT_OBJC_MSGSEND = YES;
				ENABLE_TESTABILITY = YES;
				GCC_C_LANGUAGE_STANDARD = gnu11;
				GCC_DYNAMIC_NO_PIC = NO;
				GCC_NO_COMMON_BLOCKS = YES;
				GCC_OPTIMIZATION_LEVEL = 0;
				GCC_PREPROCESSOR_DEFINITIONS = (
					"DEBUG=1",
					"$(inherited)",
				);
				GCC_WARN_64_TO_32_BIT_CONVERSION = YES;
				GCC_WARN_ABOUT_RETURN_TYPE = YES_ERROR;
				GCC_WARN_UNDECLARED_SELECTOR = YES;
				GCC_WARN_UNINITIALIZED_AUTOS = YES_AGGRESSIVE;
				GCC_WARN_UNUSED_FUNCTION = YES;
				GCC_WARN_UNUSED_VARIABLE = YES;
				IPHONEOS_DEPLOYMENT_TARGET = 14.5;
				MTL_ENABLE_DEBUG_INFO = INCLUDE_SOURCE;
				MTL_FAST_MATH = YES;
				ONLY_ACTIVE_ARCH = YES;
				SDKROOT = iphoneos;
				SWIFT_ACTIVE_COMPILATION_CONDITIONS = DEBUG;
				SWIFT_OPTIMIZATION_LEVEL = "-Onone";
			};
			name = Debug;
		};
		90F1E7252670047800138C04 /* Release */ = {
			isa = XCBuildConfiguration;
			buildSettings = {
				ALWAYS_SEARCH_USER_PATHS = NO;
				CLANG_ANALYZER_NONNULL = YES;
				CLANG_ANALYZER_NUMBER_OBJECT_CONVERSION = YES_AGGRESSIVE;
				CLANG_CXX_LANGUAGE_STANDARD = "gnu++14";
				CLANG_CXX_LIBRARY = "libc++";
				CLANG_ENABLE_MODULES = YES;
				CLANG_ENABLE_OBJC_ARC = YES;
				CLANG_ENABLE_OBJC_WEAK = YES;
				CLANG_WARN_BLOCK_CAPTURE_AUTORELEASING = YES;
				CLANG_WARN_BOOL_CONVERSION = YES;
				CLANG_WARN_COMMA = YES;
				CLANG_WARN_CONSTANT_CONVERSION = YES;
				CLANG_WARN_DEPRECATED_OBJC_IMPLEMENTATIONS = YES;
				CLANG_WARN_DIRECT_OBJC_ISA_USAGE = YES_ERROR;
				CLANG_WARN_DOCUMENTATION_COMMENTS = YES;
				CLANG_WARN_EMPTY_BODY = YES;
				CLANG_WARN_ENUM_CONVERSION = YES;
				CLANG_WARN_INFINITE_RECURSION = YES;
				CLANG_WARN_INT_CONVERSION = YES;
				CLANG_WARN_NON_LITERAL_NULL_CONVERSION = YES;
				CLANG_WARN_OBJC_IMPLICIT_RETAIN_SELF = YES;
				CLANG_WARN_OBJC_LITERAL_CONVERSION = YES;
				CLANG_WARN_OBJC_ROOT_CLASS = YES_ERROR;
				CLANG_WARN_QUOTED_INCLUDE_IN_FRAMEWORK_HEADER = YES;
				CLANG_WARN_RANGE_LOOP_ANALYSIS = YES;
				CLANG_WARN_STRICT_PROTOTYPES = YES;
				CLANG_WARN_SUSPICIOUS_MOVE = YES;
				CLANG_WARN_UNGUARDED_AVAILABILITY = YES_AGGRESSIVE;
				CLANG_WARN_UNREACHABLE_CODE = YES;
				CLANG_WARN__DUPLICATE_METHOD_MATCH = YES;
				COPY_PHASE_STRIP = NO;
				DEBUG_INFORMATION_FORMAT = "dwarf-with-dsym";
				ENABLE_NS_ASSERTIONS = NO;
				ENABLE_STRICT_OBJC_MSGSEND = YES;
				GCC_C_LANGUAGE_STANDARD = gnu11;
				GCC_NO_COMMON_BLOCKS = YES;
				GCC_WARN_64_TO_32_BIT_CONVERSION = YES;
				GCC_WARN_ABOUT_RETURN_TYPE = YES_ERROR;
				GCC_WARN_UNDECLARED_SELECTOR = YES;
				GCC_WARN_UNINITIALIZED_AUTOS = YES_AGGRESSIVE;
				GCC_WARN_UNUSED_FUNCTION = YES;
				GCC_WARN_UNUSED_VARIABLE = YES;
				IPHONEOS_DEPLOYMENT_TARGET = 14.5;
				MTL_ENABLE_DEBUG_INFO = NO;
				MTL_FAST_MATH = YES;
				SDKROOT = iphoneos;
				SWIFT_COMPILATION_MODE = wholemodule;
				SWIFT_OPTIMIZATION_LEVEL = "-O";
				VALIDATE_PRODUCT = YES;
			};
			name = Release;
		};
		90F1E7272670047800138C04 /* Debug */ = {
			isa = XCBuildConfiguration;
			buildSettings = {
				ASSETCATALOG_COMPILER_APPICON_NAME = AppIcon;
				ASSETCATALOG_COMPILER_GLOBAL_ACCENT_COLOR_NAME = AccentColor;
				CODE_SIGN_STYLE = Automatic;
				INFOPLIST_FILE = ToDos/Info.plist;
				LD_RUNPATH_SEARCH_PATHS = (
					"$(inherited)",
					"@executable_path/Frameworks",
				);
				PRODUCT_BUNDLE_IDENTIFIER = "chernovalov.iurii-gmail.com.ToDos";
				PRODUCT_NAME = "$(TARGET_NAME)";
				SWIFT_VERSION = 5.0;
				TARGETED_DEVICE_FAMILY = "1,2";
			};
			name = Debug;
		};
		90F1E7282670047800138C04 /* Release */ = {
			isa = XCBuildConfiguration;
			buildSettings = {
				ASSETCATALOG_COMPILER_APPICON_NAME = AppIcon;
				ASSETCATALOG_COMPILER_GLOBAL_ACCENT_COLOR_NAME = AccentColor;
				CODE_SIGN_STYLE = Automatic;
				INFOPLIST_FILE = ToDos/Info.plist;
				LD_RUNPATH_SEARCH_PATHS = (
					"$(inherited)",
					"@executable_path/Frameworks",
				);
				PRODUCT_BUNDLE_IDENTIFIER = "chernovalov.iurii-gmail.com.ToDos";
				PRODUCT_NAME = "$(TARGET_NAME)";
				SWIFT_VERSION = 5.0;
				TARGETED_DEVICE_FAMILY = "1,2";
			};
			name = Release;
		};
		90F1E72A2670047800138C04 /* Debug */ = {
			isa = XCBuildConfiguration;
			buildSettings = {
				ALWAYS_EMBED_SWIFT_STANDARD_LIBRARIES = YES;
				BUNDLE_LOADER = "$(TEST_HOST)";
				CODE_SIGN_STYLE = Automatic;
				INFOPLIST_FILE = ToDosTests/Info.plist;
				IPHONEOS_DEPLOYMENT_TARGET = 14.5;
				LD_RUNPATH_SEARCH_PATHS = (
					"$(inherited)",
					"@executable_path/Frameworks",
					"@loader_path/Frameworks",
				);
				PRODUCT_BUNDLE_IDENTIFIER = "chernovalov.iurii-gmail.com.ToDosTests";
				PRODUCT_NAME = "$(TARGET_NAME)";
				SWIFT_VERSION = 5.0;
				TARGETED_DEVICE_FAMILY = "1,2";
				TEST_HOST = "$(BUILT_PRODUCTS_DIR)/ToDos.app/ToDos";
			};
			name = Debug;
		};
		90F1E72B2670047800138C04 /* Release */ = {
			isa = XCBuildConfiguration;
			buildSettings = {
				ALWAYS_EMBED_SWIFT_STANDARD_LIBRARIES = YES;
				BUNDLE_LOADER = "$(TEST_HOST)";
				CODE_SIGN_STYLE = Automatic;
				INFOPLIST_FILE = ToDosTests/Info.plist;
				IPHONEOS_DEPLOYMENT_TARGET = 14.5;
				LD_RUNPATH_SEARCH_PATHS = (
					"$(inherited)",
					"@executable_path/Frameworks",
					"@loader_path/Frameworks",
				);
				PRODUCT_BUNDLE_IDENTIFIER = "chernovalov.iurii-gmail.com.ToDosTests";
				PRODUCT_NAME = "$(TARGET_NAME)";
				SWIFT_VERSION = 5.0;
				TARGETED_DEVICE_FAMILY = "1,2";
				TEST_HOST = "$(BUILT_PRODUCTS_DIR)/ToDos.app/ToDos";
			};
			name = Release;
		};
		90F1E72D2670047800138C04 /* Debug */ = {
			isa = XCBuildConfiguration;
			buildSettings = {
				ALWAYS_EMBED_SWIFT_STANDARD_LIBRARIES = YES;
				CODE_SIGN_STYLE = Automatic;
				INFOPLIST_FILE = ToDosUITests/Info.plist;
				LD_RUNPATH_SEARCH_PATHS = (
					"$(inherited)",
					"@executable_path/Frameworks",
					"@loader_path/Frameworks",
				);
				PRODUCT_BUNDLE_IDENTIFIER = "chernovalov.iurii-gmail.com.ToDosUITests";
				PRODUCT_NAME = "$(TARGET_NAME)";
				SWIFT_VERSION = 5.0;
				TARGETED_DEVICE_FAMILY = "1,2";
				TEST_TARGET_NAME = ToDos;
			};
			name = Debug;
		};
		90F1E72E2670047800138C04 /* Release */ = {
			isa = XCBuildConfiguration;
			buildSettings = {
				ALWAYS_EMBED_SWIFT_STANDARD_LIBRARIES = YES;
				CODE_SIGN_STYLE = Automatic;
				INFOPLIST_FILE = ToDosUITests/Info.plist;
				LD_RUNPATH_SEARCH_PATHS = (
					"$(inherited)",
					"@executable_path/Frameworks",
					"@loader_path/Frameworks",
				);
				PRODUCT_BUNDLE_IDENTIFIER = "chernovalov.iurii-gmail.com.ToDosUITests";
				PRODUCT_NAME = "$(TARGET_NAME)";
				SWIFT_VERSION = 5.0;
				TARGETED_DEVICE_FAMILY = "1,2";
				TEST_TARGET_NAME = ToDos;
			};
			name = Release;
		};
/* End XCBuildConfiguration section */

/* Begin XCConfigurationList section */
		90F1E6F42670047500138C04 /* Build configuration list for PBXProject "ToDos" */ = {
			isa = XCConfigurationList;
			buildConfigurations = (
				90F1E7242670047800138C04 /* Debug */,
				90F1E7252670047800138C04 /* Release */,
			);
			defaultConfigurationIsVisible = 0;
			defaultConfigurationName = Release;
		};
		90F1E7262670047800138C04 /* Build configuration list for PBXNativeTarget "ToDos" */ = {
			isa = XCConfigurationList;
			buildConfigurations = (
				90F1E7272670047800138C04 /* Debug */,
				90F1E7282670047800138C04 /* Release */,
			);
			defaultConfigurationIsVisible = 0;
			defaultConfigurationName = Release;
		};
		90F1E7292670047800138C04 /* Build configuration list for PBXNativeTarget "ToDosTests" */ = {
			isa = XCConfigurationList;
			buildConfigurations = (
				90F1E72A2670047800138C04 /* Debug */,
				90F1E72B2670047800138C04 /* Release */,
			);
			defaultConfigurationIsVisible = 0;
			defaultConfigurationName = Release;
		};
		90F1E72C2670047800138C04 /* Build configuration list for PBXNativeTarget "ToDosUITests" */ = {
			isa = XCConfigurationList;
			buildConfigurations = (
				90F1E72D2670047800138C04 /* Debug */,
				90F1E72E2670047800138C04 /* Release */,
			);
			defaultConfigurationIsVisible = 0;
			defaultConfigurationName = Release;
		};
/* End XCConfigurationList section */

/* Begin XCVersionGroup section */
		90F1E7052670047500138C04 /* ToDos.xcdatamodeld */ = {
			isa = XCVersionGroup;
			children = (
				90F1E7062670047500138C04 /* ToDos.xcdatamodel */,
			);
			currentVersion = 90F1E7062670047500138C04 /* ToDos.xcdatamodel */;
			path = ToDos.xcdatamodeld;
			sourceTree = "<group>";
			versionGroupType = wrapper.xcdatamodel;
		};
/* End XCVersionGroup section */
	};
	rootObject = 90F1E6F12670047500138C04 /* Project object */;
}
